{
  "version": 4,
  "terraform_version": "1.14.9",
  "serial": 8,
  "lineage": "8b2bf950-e1ca-f04c-64bc-7a2b7037923c",
  "outputs": {
    "instance_arn": {
      "value": "arn:aws:ec2:us-west-2:640168441465:instance/i-05061a8ce714f4449",
      "type": "string"
    },
    "public_ip": {
      "value": "35.93.15.196",
      "type": "string"
    }
  },
  "resources": [
    {
      "module": "module.compute_ec2",
      "mode": "managed",
      "type": "aws_iam_instance_profile",
      "name": "this",
      "provider": "provider[\"registry.terraform.io/hashicorp/aws\"]",
      "instances": [
        {
          "schema_version": 0,
          "attributes": {
            "arn": "arn:aws:iam::640168441465:instance-profile/oyd-exercise-3-1-dev-instance-profile",
            "create_date": "2026-05-08T03:08:17Z",
            "id": "oyd-exercise-3-1-dev-instance-profile",
            "name": "oyd-exercise-3-1-dev-instance-profile",
            "name_prefix": "",
            "path": "/",
            "role": "oyd-exercise-3-1-dev-role",
            "tags": {},
            "tags_all": {},
            "unique_id": "AIPAZKDIDGZ4SI73MUBZZ"
          },
          "sensitive_attributes": [],
          "identity_schema_version": 0,
          "private": "bnVsbA==",
          "dependencies": [
            "module.compute_ec2.aws_iam_role.instance"
          ]
        }
      ]
    },
    {
      "module": "module.compute_ec2",
      "mode": "managed",
      "type": "aws_iam_role",
      "name": "instance",
      "provider": "provider[\"registry.terraform.io/hashicorp/aws\"]",
      "instances": [
        {
          "schema_version": 0,
          "attributes": {
            "arn": "arn:aws:iam::640168441465:role/oyd-exercise-3-1-dev-role",
            "assume_role_policy": "{\"Statement\":[{\"Action\":\"sts:AssumeRole\",\"Effect\":\"Allow\",\"Principal\":{\"Service\":\"ec2.amazonaws.com\"}}],\"Version\":\"2012-10-17\"}",
            "create_date": "2026-05-08T03:08:17Z",
            "description": "",
            "force_detach_policies": false,
            "id": "oyd-exercise-3-1-dev-role",
            "inline_policy": [
              {
                "name": "oyd-exercise-3-1-dev-s3-server-rb",
                "policy": "{\"Version\":\"2012-10-17\",\"Statement\":[{\"Action\":[\"s3:GetObject\"],\"Effect\":\"Allow\",\"Resource\":\"arn:aws:s3:::oyd-exercise-3-1-20004254/server.rb\"}]}"
              }
            ],
            "managed_policy_arns": [],
            "max_session_duration": 3600,
            "name": "oyd-exercise-3-1-dev-role",
            "name_prefix": "",
            "path": "/",
            "permissions_boundary": "",
            "tags": {},
            "tags_all": {},
            "unique_id": "AROAZKDIDGZ455NHDCUJE"
          },
          "sensitive_attributes": [],
          "identity_schema_version": 0,
          "private": "bnVsbA=="
        }
      ]
    },
    {
      "module": "module.compute_ec2",
      "mode": "managed",
      "type": "aws_iam_role_policy",
      "name": "s3_read",
      "provider": "provider[\"registry.terraform.io/hashicorp/aws\"]",
      "instances": [
        {
          "schema_version": 0,
          "attributes": {
            "id": "oyd-exercise-3-1-dev-role:oyd-exercise-3-1-dev-s3-server-rb",
            "name": "oyd-exercise-3-1-dev-s3-server-rb",
            "name_prefix": "",
            "policy": "{\"Version\":\"2012-10-17\",\"Statement\":[{\"Action\":[\"s3:GetObject\"],\"Effect\":\"Allow\",\"Resource\":\"arn:aws:s3:::oyd-exercise-3-1-20004254/server.rb\"}]}",
            "role": "oyd-exercise-3-1-dev-role"
          },
          "sensitive_attributes": [],
          "identity_schema_version": 0,
          "private": "bnVsbA==",
          "dependencies": [
            "module.compute_ec2.aws_iam_role.instance"
          ]
        }
      ]
    },
    {
      "module": "module.compute_ec2",
      "mode": "managed",
      "type": "aws_instance",
      "name": "this",
      "provider": "provider[\"registry.terraform.io/hashicorp/aws\"]",
      "instances": [
        {
          "schema_version": 1,
          "attributes": {
            "ami": "ami-0d43f0bb92e485897",
            "arn": "arn:aws:ec2:us-west-2:640168441465:instance/i-05061a8ce714f4449",
            "associate_public_ip_address": true,
            "availability_zone": "us-west-2a",
            "capacity_reservation_specification": [
              {
                "capacity_reservation_preference": "open",
                "capacity_reservation_target": []
              }
            ],
            "cpu_core_count": 1,
            "cpu_options": [
              {
                "amd_sev_snp": "",
                "core_count": 1,
                "threads_per_core": 2
              }
            ],
            "cpu_threads_per_core": 2,
            "credit_specification": [
              {
                "cpu_credits": "unlimited"
              }
            ],
            "disable_api_stop": false,
            "disable_api_termination": false,
            "ebs_block_device": [],
            "ebs_optimized": false,
            "enable_primary_ipv6": null,
            "enclave_options": [
              {
                "enabled": false
              }
            ],
            "ephemeral_block_device": [],
            "get_password_data": false,
            "hibernation": false,
            "host_id": "",
            "host_resource_group_arn": null,
            "iam_instance_profile": "oyd-exercise-3-1-dev-instance-profile",
            "id": "i-05061a8ce714f4449",
            "instance_initiated_shutdown_behavior": "stop",
            "instance_lifecycle": "",
            "instance_market_options": [],
            "instance_state": "running",
            "instance_type": "t3.micro",
            "ipv6_address_count": 0,
            "ipv6_addresses": [],
            "key_name": "",
            "launch_template": [],
            "maintenance_options": [
              {
                "auto_recovery": "default"
              }
            ],
            "metadata_options": [
              {
                "http_endpoint": "enabled",
                "http_protocol_ipv6": "disabled",
                "http_put_response_hop_limit": 2,
                "http_tokens": "required",
                "instance_metadata_tags": "disabled"
              }
            ],
            "monitoring": false,
            "network_interface": [],
            "outpost_arn": "",
            "password_data": "",
            "placement_group": "",
            "placement_partition_number": 0,
            "primary_network_interface_id": "eni-02a6d9b1d9e443b61",
            "private_dns": "ip-172-31-34-67.us-west-2.compute.internal",
            "private_dns_name_options": [
              {
                "enable_resource_name_dns_a_record": false,
                "enable_resource_name_dns_aaaa_record": false,
                "hostname_type": "ip-name"
              }
            ],
            "private_ip": "172.31.34.67",
            "public_dns": "ec2-35-93-15-196.us-west-2.compute.amazonaws.com",
            "public_ip": "35.93.15.196",
            "root_block_device": [
              {
                "delete_on_termination": true,
                "device_name": "/dev/xvda",
                "encrypted": false,
                "iops": 3000,
                "kms_key_id": "",
                "tags": {},
                "tags_all": {},
                "throughput": 125,
                "volume_id": "vol-0f7c9d061c3dd8270",
                "volume_size": 8,
                "volume_type": "gp3"
              }
            ],
            "secondary_private_ips": [],
            "security_groups": [
              "oyd-exercise-3-1-dev-sg"
            ],
            "source_dest_check": true,
            "spot_instance_request_id": "",
            "subnet_id": "subnet-01c78963cc865afd3",
            "tags": {
              "Environment": "dev",
              "Name": "oyd-exercise-3-1-dev-ec2-instance"
            },
            "tags_all": {
              "Environment": "dev",
              "Name": "oyd-exercise-3-1-dev-ec2-instance"
            },
            "tenancy": "default",
            "timeouts": null,
            "user_data": "cdefbe86f17b9917a8d89a187c159655f7ccfb19",
            "user_data_base64": null,
            "user_data_replace_on_change": false,
            "volume_tags": null,
            "vpc_security_group_ids": [
              "sg-0facd06a235ffcc57"
            ]
          },
          "sensitive_attributes": [],
          "identity_schema_version": 0,
          "private": "eyJlMmJmYjczMC1lY2FhLTExZTYtOGY4OC0zNDM2M2JjN2M0YzAiOnsiY3JlYXRlIjo2MDAwMDAwMDAwMDAsImRlbGV0ZSI6MTIwMDAwMDAwMDAwMCwicmVhZCI6OTAwMDAwMDAwMDAwLCJ1cGRhdGUiOjYwMDAwMDAwMDAwMH0sInNjaGVtYV92ZXJzaW9uIjoiMSJ9",
          "dependencies": [
            "module.compute_ec2.aws_iam_instance_profile.this",
            "module.compute_ec2.aws_iam_role.instance",
            "module.compute_ec2.aws_security_group.instance"
          ]
        }
      ]
    },
    {
      "module": "module.compute_ec2",
      "mode": "managed",
      "type": "aws_security_group",
      "name": "instance",
      "provider": "provider[\"registry.terraform.io/hashicorp/aws\"]",
      "instances": [
        {
          "schema_version": 1,
          "attributes": {
            "arn": "arn:aws:ec2:us-west-2:640168441465:security-group/sg-0facd06a235ffcc57",
            "description": "Allow inbound TCP 8080 from approved CIDRs only",
            "egress": [
              {
                "cidr_blocks": [
                  "0.0.0.0/0"
                ],
                "description": "",
                "from_port": 0,
                "ipv6_cidr_blocks": [],
                "prefix_list_ids": [],
                "protocol": "-1",
                "security_groups": [],
                "self": false,
                "to_port": 0
              }
            ],
            "id": "sg-0facd06a235ffcc57",
            "ingress": [
              {
                "cidr_blocks": [
                  "138.118.106.109/32"
                ],
                "description": "",
                "from_port": 8080,
                "ipv6_cidr_blocks": [],
                "prefix_list_ids": [],
                "protocol": "tcp",
                "security_groups": [],
                "self": false,
                "to_port": 8080
              }
            ],
            "name": "oyd-exercise-3-1-dev-sg",
            "name_prefix": "",
            "owner_id": "640168441465",
            "revoke_rules_on_delete": false,
            "tags": {},
            "tags_all": {},
            "timeouts": null,
            "vpc_id": "vpc-06e5ba1bc044e1e2d"
          },
          "sensitive_attributes": [],
          "identity_schema_version": 0,
          "private": "eyJlMmJmYjczMC1lY2FhLTExZTYtOGY4OC0zNDM2M2JjN2M0YzAiOnsiY3JlYXRlIjo2MDAwMDAwMDAwMDAsImRlbGV0ZSI6OTAwMDAwMDAwMDAwfSwic2NoZW1hX3ZlcnNpb24iOiIxIn0="
        }
      ]
    }
  ],
  "check_results": null
}
